
Microsoft Visual Studio Solution File, Format Version 12.00
Project("{FAE04EC0-301F-11D3-BF4B-00C04F79EFBC}") = "EcoSystemSimulation", "EcoSystemSimulation.csproj", "{8228756E-7C8B-4EA6-A71B-6B3709B50110}"
EndProject
Global
	GlobalSection(SolutionConfigurationPlatforms) = preSolution
		Debug|Any CPU = Debug|Any CPU
		Release|Any CPU = Release|Any CPU
	EndGlobalSection
	GlobalSection(ProjectConfigurationPlatforms) = postSolution
		{8228756E-7C8B-4EA6-A71B-6B3709B50110}.Debug|Any CPU.ActiveCfg = Debug|Any CPU
		{8228756E-7C8B-4EA6-A71B-6B3709B50110}.Debug|Any CPU.Build.0 = Debug|Any CPU
		{8228756E-7C8B-4EA6-A71B-6B3709B50110}.Release|Any CPU.ActiveCfg = Release|Any CPU
		{8228756E-7C8B-4EA6-A71B-6B3709B50110}.Release|Any CPU.Build.0 = Release|Any CPU
	EndGlobalSection
EndGlobal
